
Microsoft Visual Studio Solution File, Format Version 12.00
# Visual Studio Version 17
VisualStudioVersion = 17.0.32014.148
MinimumVisualStudioVersion = 10.0.40219.1
Project("{FAE04EC0-301F-11D3-BF4B-00C04F79EFBC}") = "projekt_brezen", "projekt_brezen.csproj", "{8FF70076-C2F6-4022-A583-7238388BADF8}"
EndProject
Global
	GlobalSection(SolutionConfigurationPlatforms) = preSolution
		Debug|Any CPU = Debug|Any CPU
		Release|Any CPU = Release|Any CPU
	EndGlobalSection
	GlobalSection(ProjectConfigurationPlatforms) = postSolution
		{8FF70076-C2F6-4022-A583-7238388BADF8}.Debug|Any CPU.ActiveCfg = Debug|Any CPU
		{8FF70076-C2F6-4022-A583-7238388BADF8}.Debug|Any CPU.Build.0 = Debug|Any CPU
		{8FF70076-C2F6-4022-A583-7238388BADF8}.Release|Any CPU.ActiveCfg = Release|Any CPU
		{8FF70076-C2F6-4022-A583-7238388BADF8}.Release|Any CPU.Build.0 = Release|Any CPU
	EndGlobalSection
	GlobalSection(SolutionProperties) = preSolution
		HideSolutionNode = FALSE
	EndGlobalSection
	GlobalSection(ExtensibilityGlobals) = postSolution
		SolutionGuid = {AA0CB255-6683-4223-98C8-5648B9E5D969}
	EndGlobalSection
EndGlobal
